
Microsoft Visual Studio Solution File, Format Version 12.00
# Visual Studio 15
VisualStudioVersion = 15.0.26730.12
MinimumVisualStudioVersion = 10.0.40219.1
Project("{FAE04EC0-301F-11D3-BF4B-00C04F79EFBC}") = "FizzBuzzD", "FizzBuzzD\FizzBuzzD.csproj", "{13818907-E325-4607-B897-33931C4EA8E3}"
EndProject
Project("{FAE04EC0-301F-11D3-BF4B-00C04F79EFBC}") = "FizzBuzzD.Tests", "FizzBuzzD.Tests\FizzBuzzD.Tests.csproj", "{2C854712-01AD-46E6-9B9F-52AE7F5EEA04}"
EndProject
Global
	GlobalSection(SolutionConfigurationPlatforms) = preSolution
		Debug|Any CPU = Debug|Any CPU
		Release|Any CPU = Release|Any CPU
	EndGlobalSection
	GlobalSection(ProjectConfigurationPlatforms) = postSolution
		{13818907-E325-4607-B897-33931C4EA8E3}.Debug|Any CPU.ActiveCfg = Debug|Any CPU
		{13818907-E325-4607-B897-33931C4EA8E3}.Debug|Any CPU.Build.0 = Debug|Any CPU
		{13818907-E325-4607-B897-33931C4EA8E3}.Release|Any CPU.ActiveCfg = Release|Any CPU
		{13818907-E325-4607-B897-33931C4EA8E3}.Release|Any CPU.Build.0 = Release|Any CPU
		{2C854712-01AD-46E6-9B9F-52AE7F5EEA04}.Debug|Any CPU.ActiveCfg = Debug|Any CPU
		{2C854712-01AD-46E6-9B9F-52AE7F5EEA04}.Debug|Any CPU.Build.0 = Debug|Any CPU
		{2C854712-01AD-46E6-9B9F-52AE7F5EEA04}.Release|Any CPU.ActiveCfg = Release|Any CPU
		{2C854712-01AD-46E6-9B9F-52AE7F5EEA04}.Release|Any CPU.Build.0 = Release|Any CPU
	EndGlobalSection
	GlobalSection(SolutionProperties) = preSolution
		HideSolutionNode = FALSE
	EndGlobalSection
	GlobalSection(ExtensibilityGlobals) = postSolution
		SolutionGuid = {44289A02-6D5E-4935-851F-B76F5956F306}
	EndGlobalSection
EndGlobal
